
Microsoft Visual Studio Solution File, Format Version 12.00
# Visual Studio 15
VisualStudioVersion = 15.0.28307.1259
MinimumVisualStudioVersion = 10.0.40219.1
Project("{FAE04EC0-301F-11D3-BF4B-00C04F79EFBC}") = "Devil's Clicker", "Devil's Clicker\Devil's Clicker.csproj", "{9200FE54-3C5F-48F8-9BA4-2D021CAC4F6E}"
EndProject
Global
	GlobalSection(SolutionConfigurationPlatforms) = preSolution
		Debug|Any CPU = Debug|Any CPU
		Release|Any CPU = Release|Any CPU
	EndGlobalSection
	GlobalSection(ProjectConfigurationPlatforms) = postSolution
		{9200FE54-3C5F-48F8-9BA4-2D021CAC4F6E}.Debug|Any CPU.ActiveCfg = Debug|Any CPU
		{9200FE54-3C5F-48F8-9BA4-2D021CAC4F6E}.Debug|Any CPU.Build.0 = Debug|Any CPU
		{9200FE54-3C5F-48F8-9BA4-2D021CAC4F6E}.Release|Any CPU.ActiveCfg = Release|Any CPU
		{9200FE54-3C5F-48F8-9BA4-2D021CAC4F6E}.Release|Any CPU.Build.0 = Release|Any CPU
	EndGlobalSection
	GlobalSection(SolutionProperties) = preSolution
		HideSolutionNode = FALSE
	EndGlobalSection
	GlobalSection(ExtensibilityGlobals) = postSolution
		SolutionGuid = {6E6DD7F1-6F21-438F-95BE-A7B36756336D}
	EndGlobalSection
EndGlobal
